{
  "lockfileVersion": 1,
  "configVersion": 1,
  "workspaces": {
    "": {
      "dependencies": {
        "solid-js": "^2.0.0-beta.2",
      },
    },
  },
  "packages": {
    "@solidjs/signals": ["@solidjs/signals@0.12.0", "", {}, "sha512-4yeBvMCTCCPZZ1G/x0XUVg82tgC/gLikPhl91cSdGvZXMLQUEHO9Ugbca0MfICcHHJXySieFyZrMNlQ5rWcGyQ=="],

    "csstype": ["csstype@3.2.3", "", {}, "sha512-z1HGKcYy2xA8AGQfwrn0PAy+PB7X/GSj3UVJW9qKyn43xWa+gl5nXmU4qqLMRzWVLFC8KusUX8T/0kCiOYpAIQ=="],

    "seroval": ["seroval@1.5.1", "", {}, "sha512-OwrZRZAfhHww0WEnKHDY8OM0U/Qs8OTfIDWhUD4BLpNJUfXK4cGmjiagGze086m+mhI+V2nD0gfbHEnJjb9STA=="],

    "seroval-plugins": ["seroval-plugins@1.5.1", "", { "peerDependencies": { "seroval": "^1.0" } }, "sha512-4FbuZ/TMl02sqv0RTFexu0SP6V+ywaIe5bAWCCEik0fk17BhALgwvUDVF7e3Uvf9pxmwCEJsRPmlkUE6HdzLAw=="],

    "solid-js": ["solid-js@2.0.0-beta.2", "", { "dependencies": { "@solidjs/signals": "^0.12.0", "csstype": "^3.1.0", "seroval": "~1.5.0", "seroval-plugins": "~1.5.0" } }, "sha512-vbU2KAKXUcyjFi85CVJBmrct680fDfALl1sb7W4dQSm4Ls6XOVIDWJMUvrFeBo13X+ov/18ZpwPWv4nSzgVcww=="],
  }
}
